// !$*UTF8*$!
{
	archiveVersion = 1;
	classes = {
	};
	objectVersion = 50;
	objects = {

/* Begin PBXBuildFile section */
		032F58CC23C23C5300ACC3A7 /* AppDelegate.swift in Sources */ = {isa = PBXBuildFile; fileRef = 032F58CB23C23C5300ACC3A7 /* AppDelegate.swift */; };
		032F58CE23C23C5300ACC3A7 /* SceneDelegate.swift in Sources */ = {isa = PBXBuildFile; fileRef = 032F58CD23C23C5300ACC3A7 /* SceneDelegate.swift */; };
		032F58D023C23C5300ACC3A7 /* ViewController.swift in Sources */ = {isa = PBXBuildFile; fileRef = 032F58CF23C23C5300ACC3A7 /* ViewController.swift */; };
		032F58D323C23C5300ACC3A7 /* Main.storyboard in Resources */ = {isa = PBXBuildFile; fileRef = 032F58D123C23C5300ACC3A7 /* Main.storyboard */; };
		032F58D523C23C5400ACC3A7 /* Assets.xcassets in Resources */ = {isa = PBXBuildFile; fileRef = 032F58D423C23C5400ACC3A7 /* Assets.xcassets */; };
		032F58D823C23C5400ACC3A7 /* LaunchScreen.storyboard in Resources */ = {isa = PBXBuildFile; fileRef = 032F58D623C23C5400ACC3A7 /* LaunchScreen.storyboard */; };
		032F58E323C23C5400ACC3A7 /* MadDemoTests.swift in Sources */ = {isa = PBXBuildFile; fileRef = 032F58E223C23C5400ACC3A7 /* MadDemoTests.swift */; };
		032F58EE23C23C5400ACC3A7 /* MadDemoUITests.swift in Sources */ = {isa = PBXBuildFile; fileRef = 032F58ED23C23C5400ACC3A7 /* MadDemoUITests.swift */; };
/* End PBXBuildFile section */

/* Begin PBXContainerItemProxy section */
		032F58DF23C23C5400ACC3A7 /* PBXContainerItemProxy */ = {
			isa = PBXContainerItemProxy;
			containerPortal = 032F58C023C23C5300ACC3A7 /* Project object */;
			proxyType = 1;
			remoteGlobalIDString = 032F58C723C23C5300ACC3A7;
			remoteInfo = MadDemo;
		};
		032F58EA23C23C5400ACC3A7 /* PBXContainerItemProxy */ = {
			isa = PBXContainerItemProxy;
			containerPortal = 032F58C023C23C5300ACC3A7 /* Project object */;
			proxyType = 1;
			remoteGlobalIDString = 032F58C723C23C5300ACC3A7;
			remoteInfo = MadDemo;
		};
/* End PBXContainerItemProxy section */

/* Begin PBXFileReference section */
		032F58C823C23C5300ACC3A7 /* MadDemo.app */ = {isa = PBXFileReference; explicitFileType = wrapper.application; includeInIndex = 0; path = MadDemo.app; sourceTree = BUILT_PRODUCTS_DIR; };
		032F58CB23C23C5300ACC3A7 /* AppDelegate.swift */ = {isa = PBXFileReference; lastKnownFileType = sourcecode.swift; path = AppDelegate.swift; sourceTree = "<group>"; };
		032F58CD23C23C5300ACC3A7 /* SceneDelegate.swift */ = {isa = PBXFileReference; lastKnownFileType = sourcecode.swift; path = SceneDelegate.swift; sourceTree = "<group>"; };
		032F58CF23C23C5300ACC3A7 /* ViewController.swift */ = {isa = PBXFileReference; lastKnownFileType = sourcecode.swift; path = ViewController.swift; sourceTree = "<group>"; };
		032F58D223C23C5300ACC3A7 /* Base */ = {isa = PBXFileReference; lastKnownFileType = file.storyboard; name = Base; path = Base.lproj/Main.storyboard; sourceTree = "<group>"; };
		032F58D423C23C5400ACC3A7 /* Assets.xcassets */ = {isa = PBXFileReference; lastKnownFileType = folder.assetcatalog; path = Assets.xcassets; sourceTree = "<group>"; };
		032F58D723C23C5400ACC3A7 /* Base */ = {isa = PBXFileReference; lastKnownFileType = file.storyboard; name = Base; path = Base.lproj/LaunchScreen.storyboard; sourceTree = "<group>"; };
		032F58D923C23C5400ACC3A7 /* Info.plist */ = {isa = PBXFileReference; lastKnownFileType = text.plist.xml; path = Info.plist; sourceTree = "<group>"; };
		032F58DE23C23C5400ACC3A7 /* MadDemoTests.xctest */ = {isa = PBXFileReference; explicitFileType = wrapper.cfbundle; includeInIndex = 0; path = MadDemoTests.xctest; sourceTree = BUILT_PRODUCTS_DIR; };
		032F58E223C23C5400ACC3A7 /* MadDemoTests.swift */ = {isa = PBXFileReference; lastKnownFileType = sourcecode.swift; path = MadDemoTests.swift; sourceTree = "<group>"; };
		032F58E423C23C5400ACC3A7 /* Info.plist */ = {isa = PBXFileReference; lastKnownFileType = text.plist.xml; path = Info.plist; sourceTree = "<group>"; };
		032F58E923C23C5400ACC3A7 /* MadDemoUITests.xctest */ = {isa = PBXFileReference; explicitFileType = wrapper.cfbundle; includeInIndex = 0; path = MadDemoUITests.xctest; sourceTree = BUILT_PRODUCTS_DIR; };
		032F58ED23C23C5400ACC3A7 /* MadDemoUITests.swift */ = {isa = PBXFileReference; lastKnownFileType = sourcecode.swift; path = MadDemoUITests.swift; sourceTree = "<group>"; };
		032F58EF23C23C5400ACC3A7 /* Info.plist */ = {isa = PBXFileReference; lastKnownFileType = text.plist.xml; path = Info.plist; sourceTree = "<group>"; };
/* End PBXFileReference section */

/* Begin PBXFrameworksBuildPhase section */
		032F58C523C23C5300ACC3A7 /* Frameworks */ = {
			isa = PBXFrameworksBuildPhase;
			buildActionMask = 2147483647;
			files = (
			);
			runOnlyForDeploymentPostprocessing = 0;
		};
		032F58DB23C23C5400ACC3A7 /* Frameworks */ = {
			isa = PBXFrameworksBuildPhase;
			buildActionMask = 2147483647;
			files = (
			);
			runOnlyForDeploymentPostprocessing = 0;
		};
		032F58E623C23C5400ACC3A7 /* Frameworks */ = {
			isa = PBXFrameworksBuildPhase;
			buildActionMask = 2147483647;
			files = (
			);
			runOnlyForDeploymentPostprocessing = 0;
		};
/* End PBXFrameworksBuildPhase section */

/* Begin PBXGroup section */
		032F58BF23C23C5300ACC3A7 = {
			isa = PBXGroup;
			children = (
				032F58CA23C23C5300ACC3A7 /* MadDemo */,
				032F58E123C23C5400ACC3A7 /* MadDemoTests */,
				032F58EC23C23C5400ACC3A7 /* MadDemoUITests */,
				032F58C923C23C5300ACC3A7 /* Products */,
			);
			sourceTree = "<group>";
		};
		032F58C923C23C5300ACC3A7 /* Products */ = {
			isa = PBXGroup;
			children = (
				032F58C823C23C5300ACC3A7 /* MadDemo.app */,
				032F58DE23C23C5400ACC3A7 /* MadDemoTests.xctest */,
				032F58E923C23C5400ACC3A7 /* MadDemoUITests.xctest */,
			);
			name = Products;
			sourceTree = "<group>";
		};
		032F58CA23C23C5300ACC3A7 /* MadDemo */ = {
			isa = PBXGroup;
			children = (
				032F58CB23C23C5300ACC3A7 /* AppDelegate.swift */,
				032F58CD23C23C5300ACC3A7 /* SceneDelegate.swift */,
				032F58CF23C23C5300ACC3A7 /* ViewController.swift */,
				032F58D123C23C5300ACC3A7 /* Main.storyboard */,
				032F58D423C23C5400ACC3A7 /* Assets.xcassets */,
				032F58D623C23C5400ACC3A7 /* LaunchScreen.storyboard */,
				032F58D923C23C5400ACC3A7 /* Info.plist */,
			);
			path = MadDemo;
			sourceTree = "<group>";
		};
		032F58E123C23C5400ACC3A7 /* MadDemoTests */ = {
			isa = PBXGroup;
			children = (
				032F58E223C23C5400ACC3A7 /* MadDemoTests.swift */,
				032F58E423C23C5400ACC3A7 /* Info.plist */,
			);
			path = MadDemoTests;
			sourceTree = "<group>";
		};
		032F58EC23C23C5400ACC3A7 /* MadDemoUITests */ = {
			isa = PBXGroup;
			children = (
				032F58ED23C23C5400ACC3A7 /* MadDemoUITests.swift */,
				032F58EF23C23C5400ACC3A7 /* Info.plist */,
			);
			path = MadDemoUITests;
			sourceTree = "<group>";
		};
/* End PBXGroup section */

/* Begin PBXNativeTarget section */
		032F58C723C23C5300ACC3A7 /* MadDemo */ = {
			isa = PBXNativeTarget;
			buildConfigurationList = 032F58F223C23C5400ACC3A7 /* Build configuration list for PBXNativeTarget "MadDemo" */;
			buildPhases = (
				032F58C423C23C5300ACC3A7 /* Sources */,
				032F58C523C23C5300ACC3A7 /* Frameworks */,
				032F58C623C23C5300ACC3A7 /* Resources */,
			);
			buildRules = (
			);
			dependencies = (
			);
			name = MadDemo;
			productName = MadDemo;
			productReference = 032F58C823C23C5300ACC3A7 /* MadDemo.app */;
			productType = "com.apple.product-type.application";
		};
		032F58DD23C23C5400ACC3A7 /* MadDemoTests */ = {
			isa = PBXNativeTarget;
			buildConfigurationList = 032F58F523C23C5400ACC3A7 /* Build configuration list for PBXNativeTarget "MadDemoTests" */;
			buildPhases = (
				032F58DA23C23C5400ACC3A7 /* Sources */,
				032F58DB23C23C5400ACC3A7 /* Frameworks */,
				032F58DC23C23C5400ACC3A7 /* Resources */,
			);
			buildRules = (
			);
			dependencies = (
				032F58E023C23C5400ACC3A7 /* PBXTargetDependency */,
			);
			name = MadDemoTests;
			productName = MadDemoTests;
			productReference = 032F58DE23C23C5400ACC3A7 /* MadDemoTests.xctest */;
			productType = "com.apple.product-type.bundle.unit-test";
		};
		032F58E823C23C5400ACC3A7 /* MadDemoUITests */ = {
			isa = PBXNativeTarget;
			buildConfigurationList = 032F58F823C23C5400ACC3A7 /* Build configuration list for PBXNativeTarget "MadDemoUITests" */;
			buildPhases = (
				032F58E523C23C5400ACC3A7 /* Sources */,
				032F58E623C23C5400ACC3A7 /* Frameworks */,
				032F58E723C23C5400ACC3A7 /* Resources */,
			);
			buildRules = (
			);
			dependencies = (
				032F58EB23C23C5400ACC3A7 /* PBXTargetDependency */,
			);
			name = MadDemoUITests;
			productName = MadDemoUITests;
			productReference = 032F58E923C23C5400ACC3A7 /* MadDemoUITests.xctest */;
			productType = "com.apple.product-type.bundle.ui-testing";
		};
/* End PBXNativeTarget section */

/* Begin PBXProject section */
		032F58C023C23C5300ACC3A7 /* Project object */ = {
			isa = PBXProject;
			attributes = {
				LastSwiftUpdateCheck = 1130;
				LastUpgradeCheck = 1130;
				ORGANIZATIONNAME = codepath;
				TargetAttributes = {
					032F58C723C23C5300ACC3A7 = {
						CreatedOnToolsVersion = 11.3;
					};
					032F58DD23C23C5400ACC3A7 = {
						CreatedOnToolsVersion = 11.3;
						TestTargetID = 032F58C723C23C5300ACC3A7;
					};
					032F58E823C23C5400ACC3A7 = {
						CreatedOnToolsVersion = 11.3;
						TestTargetID = 032F58C723C23C5300ACC3A7;
					};
				};
			};
			buildConfigurationList = 032F58C323C23C5300ACC3A7 /* Build configuration list for PBXProject "MadDemo" */;
			compatibilityVersion = "Xcode 9.3";
			developmentRegion = en;
			hasScannedForEncodings = 0;
			knownRegions = (
				en,
				Base,
			);
			mainGroup = 032F58BF23C23C5300ACC3A7;
			productRefGroup = 032F58C923C23C5300ACC3A7 /* Products */;
			projectDirPath = "";
			projectRoot = "";
			targets = (
				032F58C723C23C5300ACC3A7 /* MadDemo */,
				032F58DD23C23C5400ACC3A7 /* MadDemoTests */,
				032F58E823C23C5400ACC3A7 /* MadDemoUITests */,
			);
		};
/* End PBXProject section */

/* Begin PBXResourcesBuildPhase section */
		032F58C623C23C5300ACC3A7 /* Resources */ = {
			isa = PBXResourcesBuildPhase;
			buildActionMask = 2147483647;
			files = (
				032F58D823C23C5400ACC3A7 /* LaunchScreen.storyboard in Resources */,
				032F58D523C23C5400ACC3A7 /* Assets.xcassets in Resources */,
				032F58D323C23C5300ACC3A7 /* Main.storyboard in Resources */,
			);
			runOnlyForDeploymentPostprocessing = 0;
		};
		032F58DC23C23C5400ACC3A7 /* Resources */ = {
			isa = PBXResourcesBuildPhase;
			buildActionMask = 2147483647;
			files = (
			);
			runOnlyForDeploymentPostprocessing = 0;
		};
		032F58E723C23C5400ACC3A7 /* Resources */ = {
			isa = PBXResourcesBuildPhase;
			buildActionMask = 2147483647;
			files = (
			);
			runOnlyForDeploymentPostprocessing = 0;
		};
/* End PBXResourcesBuildPhase section */

/* Begin PBXSourcesBuildPhase section */
		032F58C423C23C5300ACC3A7 /* Sources */ = {
			isa = PBXSourcesBuildPhase;
			buildActionMask = 2147483647;
			files = (
				032F58D023C23C5300ACC3A7 /* ViewController.swift in Sources */,
				032F58CC23C23C5300ACC3A7 /* AppDelegate.swift in Sources */,
				032F58CE23C23C5300ACC3A7 /* SceneDelegate.swift in Sources */,
			);
			runOnlyForDeploymentPostprocessing = 0;
		};
		032F58DA23C23C5400ACC3A7 /* Sources */ = {
			isa = PBXSourcesBuildPhase;
			buildActionMask = 2147483647;
			files = (
				032F58E323C23C5400ACC3A7 /* MadDemoTests.swift in Sources */,
			);
			runOnlyForDeploymentPostprocessing = 0;
		};
		032F58E523C23C5400ACC3A7 /* Sources */ = {
			isa = PBXSourcesBuildPhase;
			buildActionMask = 2147483647;
			files = (
				032F58EE23C23C5400ACC3A7 /* MadDemoUITests.swift in Sources */,
			);
			runOnlyForDeploymentPostprocessing = 0;
		};
/* End PBXSourcesBuildPhase section */

/* Begin PBXTargetDependency section */
		032F58E023C23C5400ACC3A7 /* PBXTargetDependency */ = {
			isa = PBXTargetDependency;
			target = 032F58C723C23C5300ACC3A7 /* MadDemo */;
			targetProxy = 032F58DF23C23C5400ACC3A7 /* PBXContainerItemProxy */;
		};
		032F58EB23C23C5400ACC3A7 /* PBXTargetDependency */ = {
			isa = PBXTargetDependency;
			target = 032F58C723C23C5300ACC3A7 /* MadDemo */;
			targetProxy = 032F58EA23C23C5400ACC3A7 /* PBXContainerItemProxy */;
		};
/* End PBXTargetDependency section */

/* Begin PBXVariantGroup section */
		032F58D123C23C5300ACC3A7 /* Main.storyboard */ = {
			isa = PBXVariantGroup;
			children = (
				032F58D223C23C5300ACC3A7 /* Base */,
			);
			name = Main.storyboard;
			sourceTree = "<group>";
		};
		032F58D623C23C5400ACC3A7 /* LaunchScreen.storyboard */ = {
			isa = PBXVariantGroup;
			children = (
				032F58D723C23C5400ACC3A7 /* Base */,
			);
			name = LaunchScreen.storyboard;
			sourceTree = "<group>";
		};
/* End PBXVariantGroup section */

/* Begin XCBuildConfiguration section */
		032F58F023C23C5400ACC3A7 /* Debug */ = {
			isa = XCBuildConfiguration;
			buildSettings = {
				ALWAYS_SEARCH_USER_PATHS = NO;
				CLANG_ANALYZER_NONNULL = YES;
				CLANG_ANALYZER_NUMBER_OBJECT_CONVERSION = YES_AGGRESSIVE;
				CLANG_CXX_LANGUAGE_STANDARD = "gnu++14";
				CLANG_CXX_LIBRARY = "libc++";
				CLANG_ENABLE_MODULES = YES;
				CLANG_ENABLE_OBJC_ARC = YES;
				CLANG_ENABLE_OBJC_WEAK = YES;
				CLANG_WARN_BLOCK_CAPTURE_AUTORELEASING = YES;
				CLANG_WARN_BOOL_CONVERSION = YES;
				CLANG_WARN_COMMA = YES;
				CLANG_WARN_CONSTANT_CONVERSION = YES;
				CLANG_WARN_DEPRECATED_OBJC_IMPLEMENTATIONS = YES;
				CLANG_WARN_DIRECT_OBJC_ISA_USAGE = YES_ERROR;
				CLANG_WARN_DOCUMENTATION_COMMENTS = YES;
				CLANG_WARN_EMPTY_BODY = YES;
				CLANG_WARN_ENUM_CONVERSION = YES;
				CLANG_WARN_INFINITE_RECURSION = YES;
				CLANG_WARN_INT_CONVERSION = YES;
				CLANG_WARN_NON_LITERAL_NULL_CONVERSION = YES;
				CLANG_WARN_OBJC_IMPLICIT_RETAIN_SELF = YES;
				CLANG_WARN_OBJC_LITERAL_CONVERSION = YES;
				CLANG_WARN_OBJC_ROOT_CLASS = YES_ERROR;
				CLANG_WARN_RANGE_LOOP_ANALYSIS = YES;
				CLANG_WARN_STRICT_PROTOTYPES = YES;
				CLANG_WARN_SUSPICIOUS_MOVE = YES;
				CLANG_WARN_UNGUARDED_AVAILABILITY = YES_AGGRESSIVE;
				CLANG_WARN_UNREACHABLE_CODE = YES;
				CLANG_WARN__DUPLICATE_METHOD_MATCH = YES;
				COPY_PHASE_STRIP = NO;
				DEBUG_INFORMATION_FORMAT = dwarf;
				ENABLE_STRICT_OBJC_MSGSEND = YES;
				ENABLE_TESTABILITY = YES;
				GCC_C_LANGUAGE_STANDARD = gnu11;
				GCC_DYNAMIC_NO_PIC = NO;
				GCC_NO_COMMON_BLOCKS = YES;
				GCC_OPTIMIZATION_LEVEL = 0;
				GCC_PREPROCESSOR_DEFINITIONS = (
					"DEBUG=1",
					"$(inherited)",
				);
				GCC_WARN_64_TO_32_BIT_CONVERSION = YES;
				GCC_WARN_ABOUT_RETURN_TYPE = YES_ERROR;
				GCC_WARN_UNDECLARED_SELECTOR = YES;
				GCC_WARN_UNINITIALIZED_AUTOS = YES_AGGRESSIVE;
				GCC_WARN_UNUSED_FUNCTION = YES;
				GCC_WARN_UNUSED_VARIABLE = YES;
				IPHONEOS_DEPLOYMENT_TARGET = 13.2;
				MTL_ENABLE_DEBUG_INFO = INCLUDE_SOURCE;
				MTL_FAST_MATH = YES;
				ONLY_ACTIVE_ARCH = YES;
				SDKROOT = iphoneos;
				SWIFT_ACTIVE_COMPILATION_CONDITIONS = DEBUG;
				SWIFT_OPTIMIZATION_LEVEL = "-Onone";
			};
			name = Debug;
		};
		032F58F123C23C5400ACC3A7 /* Release */ = {
			isa = XCBuildConfiguration;
			buildSettings = {
				ALWAYS_SEARCH_USER_PATHS = NO;
				CLANG_ANALYZER_NONNULL = YES;
				CLANG_ANALYZER_NUMBER_OBJECT_CONVERSION = YES_AGGRESSIVE;
				CLANG_CXX_LANGUAGE_STANDARD = "gnu++14";
				CLANG_CXX_LIBRARY = "libc++";
				CLANG_ENABLE_MODULES = YES;
				CLANG_ENABLE_OBJC_ARC = YES;
				CLANG_ENABLE_OBJC_WEAK = YES;
				CLANG_WARN_BLOCK_CAPTURE_AUTORELEASING = YES;
				CLANG_WARN_BOOL_CONVERSION = YES;
				CLANG_WARN_COMMA = YES;
				CLANG_WARN_CONSTANT_CONVERSION = YES;
				CLANG_WARN_DEPRECATED_OBJC_IMPLEMENTATIONS = YES;
				CLANG_WARN_DIRECT_OBJC_ISA_USAGE = YES_ERROR;
				CLANG_WARN_DOCUMENTATION_COMMENTS = YES;
				CLANG_WARN_EMPTY_BODY = YES;
				CLANG_WARN_ENUM_CONVERSION = YES;
				CLANG_WARN_INFINITE_RECURSION = YES;
				CLANG_WARN_INT_CONVERSION = YES;
				CLANG_WARN_NON_LITERAL_NULL_CONVERSION = YES;
				CLANG_WARN_OBJC_IMPLICIT_RETAIN_SELF = YES;
				CLANG_WARN_OBJC_LITERAL_CONVERSION = YES;
				CLANG_WARN_OBJC_ROOT_CLASS = YES_ERROR;
				CLANG_WARN_RANGE_LOOP_ANALYSIS = YES;
				CLANG_WARN_STRICT_PROTOTYPES = YES;
				CLANG_WARN_SUSPICIOUS_MOVE = YES;
				CLANG_WARN_UNGUARDED_AVAILABILITY = YES_AGGRESSIVE;
				CLANG_WARN_UNREACHABLE_CODE = YES;
				CLANG_WARN__DUPLICATE_METHOD_MATCH = YES;
				COPY_PHASE_STRIP = NO;
				DEBUG_INFORMATION_FORMAT = "dwarf-with-dsym";
				ENABLE_NS_ASSERTIONS = NO;
				ENABLE_STRICT_OBJC_MSGSEND = YES;
				GCC_C_LANGUAGE_STANDARD = gnu11;
				GCC_NO_COMMON_BLOCKS = YES;
				GCC_WARN_64_TO_32_BIT_CONVERSION = YES;
				GCC_WARN_ABOUT_RETURN_TYPE = YES_ERROR;
				GCC_WARN_UNDECLARED_SELECTOR = YES;
				GCC_WARN_UNINITIALIZED_AUTOS = YES_AGGRESSIVE;
				GCC_WARN_UNUSED_FUNCTION = YES;
				GCC_WARN_UNUSED_VARIABLE = YES;
				IPHONEOS_DEPLOYMENT_TARGET = 13.2;
				MTL_ENABLE_DEBUG_INFO = NO;
				MTL_FAST_MATH = YES;
				SDKROOT = iphoneos;
				SWIFT_COMPILATION_MODE = wholemodule;
				SWIFT_OPTIMIZATION_LEVEL = "-O";
				VALIDATE_PRODUCT = YES;
			};
			name = Release;
		};
		032F58F323C23C5400ACC3A7 /* Debug */ = {
			isa = XCBuildConfiguration;
			buildSettings = {
				ASSETCATALOG_COMPILER_APPICON_NAME = AppIcon;
				CODE_SIGN_STYLE = Automatic;
				INFOPLIST_FILE = MadDemo/Info.plist;
				LD_RUNPATH_SEARCH_PATHS = (
					"$(inherited)",
					"@executable_path/Frameworks",
				);
				PRODUCT_BUNDLE_IDENTIFIER = com.codepath.MadDemo;
				PRODUCT_NAME = "$(TARGET_NAME)";
				SWIFT_VERSION = 5.0;
				TARGETED_DEVICE_FAMILY = "1,2";
			};
			name = Debug;
		};
		032F58F423C23C5400ACC3A7 /* Release */ = {
			isa = XCBuildConfiguration;
			buildSettings = {
				ASSETCATALOG_COMPILER_APPICON_NAME = AppIcon;
				CODE_SIGN_STYLE = Automatic;
				INFOPLIST_FILE = MadDemo/Info.plist;
				LD_RUNPATH_SEARCH_PATHS = (
					"$(inherited)",
					"@executable_path/Frameworks",
				);
				PRODUCT_BUNDLE_IDENTIFIER = com.codepath.MadDemo;
				PRODUCT_NAME = "$(TARGET_NAME)";
				SWIFT_VERSION = 5.0;
				TARGETED_DEVICE_FAMILY = "1,2";
			};
			name = Release;
		};
		032F58F623C23C5400ACC3A7 /* Debug */ = {
			isa = XCBuildConfiguration;
			buildSettings = {
				ALWAYS_EMBED_SWIFT_STANDARD_LIBRARIES = YES;
				BUNDLE_LOADER = "$(TEST_HOST)";
				CODE_SIGN_STYLE = Automatic;
				INFOPLIST_FILE = MadDemoTests/Info.plist;
				IPHONEOS_DEPLOYMENT_TARGET = 13.2;
				LD_RUNPATH_SEARCH_PATHS = (
					"$(inherited)",
					"@executable_path/Frameworks",
					"@loader_path/Frameworks",
				);
				PRODUCT_BUNDLE_IDENTIFIER = com.codepath.MadDemoTests;
				PRODUCT_NAME = "$(TARGET_NAME)";
				SWIFT_VERSION = 5.0;
				TARGETED_DEVICE_FAMILY = "1,2";
				TEST_HOST = "$(BUILT_PRODUCTS_DIR)/MadDemo.app/MadDemo";
			};
			name = Debug;
		};
		032F58F723C23C5400ACC3A7 /* Release */ = {
			isa = XCBuildConfiguration;
			buildSettings = {
				ALWAYS_EMBED_SWIFT_STANDARD_LIBRARIES = YES;
				BUNDLE_LOADER = "$(TEST_HOST)";
				CODE_SIGN_STYLE = Automatic;
				INFOPLIST_FILE = MadDemoTests/Info.plist;
				IPHONEOS_DEPLOYMENT_TARGET = 13.2;
				LD_RUNPATH_SEARCH_PATHS = (
					"$(inherited)",
					"@executable_path/Frameworks",
					"@loader_path/Frameworks",
				);
				PRODUCT_BUNDLE_IDENTIFIER = com.codepath.MadDemoTests;
				PRODUCT_NAME = "$(TARGET_NAME)";
				SWIFT_VERSION = 5.0;
				TARGETED_DEVICE_FAMILY = "1,2";
				TEST_HOST = "$(BUILT_PRODUCTS_DIR)/MadDemo.app/MadDemo";
			};
			name = Release;
		};
		032F58F923C23C5400ACC3A7 /* Debug */ = {
			isa = XCBuildConfiguration;
			buildSettings = {
				ALWAYS_EMBED_SWIFT_STANDARD_LIBRARIES = YES;
				CODE_SIGN_STYLE = Automatic;
				INFOPLIST_FILE = MadDemoUITests/Info.plist;
				LD_RUNPATH_SEARCH_PATHS = (
					"$(inherited)",
					"@executable_path/Frameworks",
					"@loader_path/Frameworks",
				);
				PRODUCT_BUNDLE_IDENTIFIER = com.codepath.MadDemoUITests;
				PRODUCT_NAME = "$(TARGET_NAME)";
				SWIFT_VERSION = 5.0;
				TARGETED_DEVICE_FAMILY = "1,2";
				TEST_TARGET_NAME = MadDemo;
			};
			name = Debug;
		};
		032F58FA23C23C5400ACC3A7 /* Release */ = {
			isa = XCBuildConfiguration;
			buildSettings = {
				ALWAYS_EMBED_SWIFT_STANDARD_LIBRARIES = YES;
				CODE_SIGN_STYLE = Automatic;
				INFOPLIST_FILE = MadDemoUITests/Info.plist;
				LD_RUNPATH_SEARCH_PATHS = (
					"$(inherited)",
					"@executable_path/Frameworks",
					"@loader_path/Frameworks",
				);
				PRODUCT_BUNDLE_IDENTIFIER = com.codepath.MadDemoUITests;
				PRODUCT_NAME = "$(TARGET_NAME)";
				SWIFT_VERSION = 5.0;
				TARGETED_DEVICE_FAMILY = "1,2";
				TEST_TARGET_NAME = MadDemo;
			};
			name = Release;
		};
/* End XCBuildConfiguration section */

/* Begin XCConfigurationList section */
		032F58C323C23C5300ACC3A7 /* Build configuration list for PBXProject "MadDemo" */ = {
			isa = XCConfigurationList;
			buildConfigurations = (
				032F58F023C23C5400ACC3A7 /* Debug */,
				032F58F123C23C5400ACC3A7 /* Release */,
			);
			defaultConfigurationIsVisible = 0;
			defaultConfigurationName = Release;
		};
		032F58F223C23C5400ACC3A7 /* Build configuration list for PBXNativeTarget "MadDemo" */ = {
			isa = XCConfigurationList;
			buildConfigurations = (
				032F58F323C23C5400ACC3A7 /* Debug */,
				032F58F423C23C5400ACC3A7 /* Release */,
			);
			defaultConfigurationIsVisible = 0;
			defaultConfigurationName = Release;
		};
		032F58F523C23C5400ACC3A7 /* Build configuration list for PBXNativeTarget "MadDemoTests" */ = {
			isa = XCConfigurationList;
			buildConfigurations = (
				032F58F623C23C5400ACC3A7 /* Debug */,
				032F58F723C23C5400ACC3A7 /* Release */,
			);
			defaultConfigurationIsVisible = 0;
			defaultConfigurationName = Release;
		};
		032F58F823C23C5400ACC3A7 /* Build configuration list for PBXNativeTarget "MadDemoUITests" */ = {
			isa = XCConfigurationList;
			buildConfigurations = (
				032F58F923C23C5400ACC3A7 /* Debug */,
				032F58FA23C23C5400ACC3A7 /* Release */,
			);
			defaultConfigurationIsVisible = 0;
			defaultConfigurationName = Release;
		};
/* End XCConfigurationList section */
	};
	rootObject = 032F58C023C23C5300ACC3A7 /* Project object */;
}
